
Microsoft Visual Studio Solution File, Format Version 12.00
# Visual Studio Version 16
VisualStudioVersion = 16.0.30204.135
MinimumVisualStudioVersion = 10.0.40219.1
Project("{FAE04EC0-301F-11D3-BF4B-00C04F79EFBC}") = "TapeEquilibrium", "TapeEquilibrium\TapeEquilibrium.csproj", "{C49568B2-3C47-4968-9C6F-EB27C17BF3CD}"
EndProject
Global
	GlobalSection(SolutionConfigurationPlatforms) = preSolution
		Debug|Any CPU = Debug|Any CPU
		Release|Any CPU = Release|Any CPU
	EndGlobalSection
	GlobalSection(ProjectConfigurationPlatforms) = postSolution
		{C49568B2-3C47-4968-9C6F-EB27C17BF3CD}.Debug|Any CPU.ActiveCfg = Debug|Any CPU
		{C49568B2-3C47-4968-9C6F-EB27C17BF3CD}.Debug|Any CPU.Build.0 = Debug|Any CPU
		{C49568B2-3C47-4968-9C6F-EB27C17BF3CD}.Release|Any CPU.ActiveCfg = Release|Any CPU
		{C49568B2-3C47-4968-9C6F-EB27C17BF3CD}.Release|Any CPU.Build.0 = Release|Any CPU
	EndGlobalSection
	GlobalSection(SolutionProperties) = preSolution
		HideSolutionNode = FALSE
	EndGlobalSection
	GlobalSection(ExtensibilityGlobals) = postSolution
		SolutionGuid = {21FCBAFF-BC3F-4D3F-985E-F187B2BE9199}
	EndGlobalSection
EndGlobal
