
Microsoft Visual Studio Solution File, Format Version 12.00
# Visual Studio Version 16
VisualStudioVersion = 16.0.30204.135
MinimumVisualStudioVersion = 10.0.40219.1
Project("{9A19103F-16F7-4668-BE54-9A1E7A4F7556}") = "Prices", "Prices\Prices.csproj", "{DD57427F-B6AA-43BD-94AD-7EFA4F858072}"
EndProject
Project("{FAE04EC0-301F-11D3-BF4B-00C04F79EFBC}") = "Prices.Test", "Prices.Test\Prices.Test.csproj", "{982A6A9C-657F-42B8-9C21-DEE7AE025D6E}"
EndProject
Global
	GlobalSection(SolutionConfigurationPlatforms) = preSolution
		Debug|Any CPU = Debug|Any CPU
		Release|Any CPU = Release|Any CPU
	EndGlobalSection
	GlobalSection(ProjectConfigurationPlatforms) = postSolution
		{DD57427F-B6AA-43BD-94AD-7EFA4F858072}.Debug|Any CPU.ActiveCfg = Debug|Any CPU
		{DD57427F-B6AA-43BD-94AD-7EFA4F858072}.Debug|Any CPU.Build.0 = Debug|Any CPU
		{DD57427F-B6AA-43BD-94AD-7EFA4F858072}.Release|Any CPU.ActiveCfg = Release|Any CPU
		{DD57427F-B6AA-43BD-94AD-7EFA4F858072}.Release|Any CPU.Build.0 = Release|Any CPU
		{982A6A9C-657F-42B8-9C21-DEE7AE025D6E}.Debug|Any CPU.ActiveCfg = Debug|Any CPU
		{982A6A9C-657F-42B8-9C21-DEE7AE025D6E}.Debug|Any CPU.Build.0 = Debug|Any CPU
		{982A6A9C-657F-42B8-9C21-DEE7AE025D6E}.Release|Any CPU.ActiveCfg = Release|Any CPU
		{982A6A9C-657F-42B8-9C21-DEE7AE025D6E}.Release|Any CPU.Build.0 = Release|Any CPU
	EndGlobalSection
	GlobalSection(SolutionProperties) = preSolution
		HideSolutionNode = FALSE
	EndGlobalSection
	GlobalSection(ExtensibilityGlobals) = postSolution
		SolutionGuid = {DDFC762A-7E9C-4605-8B22-4F69B8E961E1}
	EndGlobalSection
EndGlobal
