
Microsoft Visual Studio Solution File, Format Version 12.00
# Visual Studio Version 16
VisualStudioVersion = 16.0.30204.135
MinimumVisualStudioVersion = 10.0.40219.1
Project("{FAE04EC0-301F-11D3-BF4B-00C04F79EFBC}") = "FrogJmp", "FrogJmp\FrogJmp.csproj", "{1296352D-E977-4193-AE4A-5EB9579185A7}"
EndProject
Global
	GlobalSection(SolutionConfigurationPlatforms) = preSolution
		Debug|Any CPU = Debug|Any CPU
		Release|Any CPU = Release|Any CPU
	EndGlobalSection
	GlobalSection(ProjectConfigurationPlatforms) = postSolution
		{1296352D-E977-4193-AE4A-5EB9579185A7}.Debug|Any CPU.ActiveCfg = Debug|Any CPU
		{1296352D-E977-4193-AE4A-5EB9579185A7}.Debug|Any CPU.Build.0 = Debug|Any CPU
		{1296352D-E977-4193-AE4A-5EB9579185A7}.Release|Any CPU.ActiveCfg = Release|Any CPU
		{1296352D-E977-4193-AE4A-5EB9579185A7}.Release|Any CPU.Build.0 = Release|Any CPU
	EndGlobalSection
	GlobalSection(SolutionProperties) = preSolution
		HideSolutionNode = FALSE
	EndGlobalSection
	GlobalSection(ExtensibilityGlobals) = postSolution
		SolutionGuid = {770DE09C-0DD6-4A39-845E-C029564E7083}
	EndGlobalSection
EndGlobal
